
Microsoft Visual Studio Solution File, Format Version 12.00
# Visual Studio Version 17
VisualStudioVersion = 17.8.34330.188
MinimumVisualStudioVersion = 10.0.40219.1
Project("{9A19103F-16F7-4668-BE54-9A1E7A4F7556}") = "TGC.LandingZone.Api", "TGC.LandingZone.Api\TGC.LandingZone.Api.csproj", "{FF5536AF-5BA0-4538-839E-0C5311C12AE4}"
EndProject
Project("{9A19103F-16F7-4668-BE54-9A1E7A4F7556}") = "TGC.Azure", "TGC.Azure\TGC.Azure.csproj", "{FD5FFBF1-07BE-4BF8-8F68-79F12E359EA5}"
EndProject
Project("{9A19103F-16F7-4668-BE54-9A1E7A4F7556}") = "TGC.GitHub", "TGC.GitHub\TGC.GitHub.csproj", "{D46C4443-5627-45F3-8B4E-248BE37FD937}"
EndProject
Project("{FAE04EC0-301F-11D3-BF4B-00C04F79EFBC}") = "TGC.MSGraph", "TGC.MSGraph\TGC.MSGraph.csproj", "{72F40F4B-4ED0-4767-BC74-A9B1CC78D86E}"
EndProject
Global
	GlobalSection(SolutionConfigurationPlatforms) = preSolution
		Debug|Any CPU = Debug|Any CPU
		Release|Any CPU = Release|Any CPU
	EndGlobalSection
	GlobalSection(ProjectConfigurationPlatforms) = postSolution
		{FF5536AF-5BA0-4538-839E-0C5311C12AE4}.Debug|Any CPU.ActiveCfg = Debug|Any CPU
		{FF5536AF-5BA0-4538-839E-0C5311C12AE4}.Debug|Any CPU.Build.0 = Debug|Any CPU
		{FF5536AF-5BA0-4538-839E-0C5311C12AE4}.Release|Any CPU.ActiveCfg = Release|Any CPU
		{FF5536AF-5BA0-4538-839E-0C5311C12AE4}.Release|Any CPU.Build.0 = Release|Any CPU
		{FD5FFBF1-07BE-4BF8-8F68-79F12E359EA5}.Debug|Any CPU.ActiveCfg = Debug|Any CPU
		{FD5FFBF1-07BE-4BF8-8F68-79F12E359EA5}.Debug|Any CPU.Build.0 = Debug|Any CPU
		{FD5FFBF1-07BE-4BF8-8F68-79F12E359EA5}.Release|Any CPU.ActiveCfg = Release|Any CPU
		{FD5FFBF1-07BE-4BF8-8F68-79F12E359EA5}.Release|Any CPU.Build.0 = Release|Any CPU
		{D46C4443-5627-45F3-8B4E-248BE37FD937}.Debug|Any CPU.ActiveCfg = Debug|Any CPU
		{D46C4443-5627-45F3-8B4E-248BE37FD937}.Debug|Any CPU.Build.0 = Debug|Any CPU
		{D46C4443-5627-45F3-8B4E-248BE37FD937}.Release|Any CPU.ActiveCfg = Release|Any CPU
		{D46C4443-5627-45F3-8B4E-248BE37FD937}.Release|Any CPU.Build.0 = Release|Any CPU
		{72F40F4B-4ED0-4767-BC74-A9B1CC78D86E}.Debug|Any CPU.ActiveCfg = Debug|Any CPU
		{72F40F4B-4ED0-4767-BC74-A9B1CC78D86E}.Debug|Any CPU.Build.0 = Debug|Any CPU
		{72F40F4B-4ED0-4767-BC74-A9B1CC78D86E}.Release|Any CPU.ActiveCfg = Release|Any CPU
		{72F40F4B-4ED0-4767-BC74-A9B1CC78D86E}.Release|Any CPU.Build.0 = Release|Any CPU
	EndGlobalSection
	GlobalSection(SolutionProperties) = preSolution
		HideSolutionNode = FALSE
	EndGlobalSection
	GlobalSection(ExtensibilityGlobals) = postSolution
		SolutionGuid = {E2744CF2-4136-414B-8EF0-5462A0EC70AA}
	EndGlobalSection
EndGlobal
